hash: 022df420d68fcc2ffd73a06defae3f7304cf0c09c8fcfe3fada7f9d7866c01dc
updated: 2018-02-17T20:08:41.667141947+09:00
imports:
- name: github.com/gorilla/context
  version: 08b5f424b9271eedf6f9f0ce86cb9396ed337a42
- name: github.com/gorilla/handlers
  version: 90663712d74cb411cbef281bc1e08c19d1a76145
- name: github.com/gorilla/mux
  version: 53c1911da2b537f792e7cafcb446b05ffe33b996
- name: github.com/jessevdk/go-assets
  version: 4f4301a06e153ff90e17793577ab6bf79f8dc5c5
- name: github.com/lestrrat/go-server-starter
  version: f9cb0b066498d26a90fd918fe265adbb0ea02bcf
  subpackages:
  - listener
- name: github.com/Sirupsen/logrus
  version: ba1b36c82c5e05c4f912a88eab0dcd91a171688f
- name: golang.org/x/net
  version: 1c05540f6879653db88113bc4a2b70aec4bd491f
  subpackages:
  - proxy
- name: golang.org/x/sys
  version: 99f16d856c9836c42d24e7ab64ea72916925fa97
  subpackages:
  - unix
testImports: []
