hash: 1b3630a79648bbb5f379fc18286e1d0dd70b67a2ff7d1f9d3e49d2fa2da94750
updated: 2017-12-12T13:36:32.53264957+09:00
imports:
- name: github.com/elazarl/go-bindata-assetfs
  version: 30f82fa23fd844bd5bb1e5f216db87fd77b5eb43
- name: github.com/gorilla/context
  version: 08b5f424b9271eedf6f9f0ce86cb9396ed337a42
- name: github.com/gorilla/handlers
  version: 90663712d74cb411cbef281bc1e08c19d1a76145
- name: github.com/gorilla/mux
  version: 7f08801859139f86dfafd1c296e2cba9a80d292e
- name: github.com/lestrrat/go-server-starter
  version: f9cb0b066498d26a90fd918fe265adbb0ea02bcf
  subpackages:
  - listener
- name: github.com/Sirupsen/logrus
  version: ba1b36c82c5e05c4f912a88eab0dcd91a171688f
- name: golang.org/x/net
  version: 1c05540f6879653db88113bc4a2b70aec4bd491f
  subpackages:
  - proxy
- name: golang.org/x/sys
  version: 99f16d856c9836c42d24e7ab64ea72916925fa97
  subpackages:
  - unix
testImports: []
