github.com/Sirupsen/logrus v0.11.5 h1:aIMrrsnipdTlAieMe7FC/iiuJ0+ELiXCT4YiVQiK9j8=
github.com/Sirupsen/logrus v0.11.5/go.mod h1:rmk17hk6i8ZSAJkSDa7nOxamrG+SP4P0mm+DAvExv4U=
github.com/davecgh/go-spew v1.1.0 h1:ZDRjVQ15GmhC3fiQ8ni8+OwkZQO4DARzQgrnXU1Liz8=
github.com/davecgh/go-spew v1.1.0/go.mod h1:J7Y8YcW2NihsgmVo/mv3lAwl/skON4iLHjSsI+c5H38=
github.com/gorilla/context v1.1.1 h1:AWwleXJkX/nhcU9bZSnZoi3h/qGYqQAGhq6zZe/aQW8=
github.com/gorilla/context v1.1.1/go.mod h1:kBGZzfjB9CEq2AlWe17Uuf7NDRt0dE0s8S51q0aT7Yg=
github.com/gorilla/handlers v1.3.0 h1:tsg9qP3mjt1h4Roxp+M1paRjrVBfPSOpBuVclh6YluI=
github.com/gorilla/handlers v1.3.0/go.mod h1:Qkdc/uu4tH4g6mTK6auzZ766c4CA0Ng8+o/OAirnOIQ=
github.com/gorilla/handlers v1.4.2/go.mod h1:Qkdc/uu4tH4g6mTK6auzZ766c4CA0Ng8+o/OAirnOIQ=
github.com/gorilla/mux v1.6.1 h1:KOwqsTYZdeuMacU7CxjMNYEKeBvLbxW+psodrbcEa3A=
github.com/gorilla/mux v1.6.1/go.mod h1:1lud6UwP+6orDFRuTfBEV8e9/aOM/c4fVVCaMa2zaAs=
github.com/jessevdk/go-assets v0.0.0-20160921144138-4f4301a06e15 h1:cW/amwGEJK5MSKntPXRjX4dxs/nGxGT8gXKIsKFmHGc=
github.com/jessevdk/go-assets v0.0.0-20160921144138-4f4301a06e15/go.mod h1:Fdm/oWRW+CH8PRbLntksCNtmcCBximKPkVQYvmMl80k=
github.com/lestrrat-go/server-starter v0.0.0-20161226055723-f9cb0b066498 h1:Ot7H6WL8MX58H/NeJf1jJVuSfn6H2odEmRU2FYC+Vug=
github.com/lestrrat-go/server-starter v0.0.0-20161226055723-f9cb0b066498/go.mod h1:xG1VLzrCB2+uP91eXVCs5FteV/JJOjw0tr+hAM/aL/8=
github.com/lestrrat-go/server-starter v0.0.0-20181210024821-8564cc80d990 h1:I/xDHYf06Z00f4smMbtiRP9P++9sTV3MGpN/txx/oGw=
github.com/lestrrat-go/server-starter v0.0.0-20181210024821-8564cc80d990/go.mod h1:xG1VLzrCB2+uP91eXVCs5FteV/JJOjw0tr+hAM/aL/8=
github.com/pmezard/go-difflib v1.0.0 h1:4DBwDE0NGyQoBHbLQYPwSUPoCMWR5BEzIk/f1lZbAQM=
github.com/pmezard/go-difflib v1.0.0/go.mod h1:iKH77koFhYxTK1pcRnkKkqfTogsbg7gZNVY4sRDYZ/4=
github.com/stretchr/objx v0.1.0/go.mod h1:HFkY916IF+rwdDfMAkV7OtwuqBVzrE8GR6GFx+wExME=
github.com/stretchr/testify v1.4.0 h1:2E4SXV/wtOkTonXsotYi4li6zVWxYlZuYNCXe9XRJyk=
github.com/stretchr/testify v1.4.0/go.mod h1:j7eGeouHqKxXV5pUuKE4zz7dFj8WfuZ+81PSLYec5m4=
golang.org/x/crypto v0.0.0-20190308221718-c2843e01d9a2/go.mod h1:djNgcEr1/C05ACkg1iLfiJU5Ep61QUkGW8qpdssI0+w=
golang.org/x/net v0.0.0-20191204025024-5ee1b9f4859a h1:+HHJiFUXVOIS9mr1ThqkQD1N8vpFCfCShqADBM12KTc=
golang.org/x/net v0.0.0-20191204025024-5ee1b9f4859a/go.mod h1:z5CRVTTTmAJ677TzLLGU+0bjPO0LkuOLi4/5GtJWs/s=
golang.org/x/sys v0.0.0-20190215142949-d0b11bdaac8a h1:1BGLXjeY4akVXGgbC9HugT3Jv3hCI0z56oJR5vAMgBU=
golang.org/x/sys v0.0.0-20190215142949-d0b11bdaac8a/go.mod h1:STP8DvDyc/dI5b8T5hshtkjS+E42TnysNCUPdjciGhY=
golang.org/x/text v0.3.0/go.mod h1:NqM8EUOU14njkJ3fqMW+pc6Ldnwhi/IjpwHt7yyuwOQ=
gopkg.in/check.v1 v0.0.0-20161208181325-20d25e280405 h1:yhCVgyC4o1eVCa2tZl7eS0r+SDo693bJlVdllGtEeKM=
gopkg.in/check.v1 v0.0.0-20161208181325-20d25e280405/go.mod h1:Co6ibVJAznAaIkqp8huTwlJQCZ016jof/cbN4VW5Yz0=
gopkg.in/yaml.v2 v2.2.2 h1:ZCJp+EgiOT7lHqUV2J862kp8Qj64Jo6az82+3Td9dZw=
gopkg.in/yaml.v2 v2.2.2/go.mod h1:hI93XBmqTisBFMUTm0b8Fm+jr3Dg1NNxqwp+5A1VGuI=
